{
  "name": "fhirschema-js",
  "lockfileVersion": 3,
  "requires": true,
  "packages": {
    "": {
      "dependencies": {
        "fhirpath": "^3.15.1"
      }
    },
    "node_modules/@lhncbc/ucum-lhc": {
      "version": "5.0.4",
      "resolved": "https://registry.npmjs.org/@lhncbc/ucum-lhc/-/ucum-lhc-5.0.4.tgz",
      "integrity": "sha512-khuV9GV51DF80b0wJmhZTR5Bf23fhS6SSIWnyGT9X+Uvn0FsHFl2LKViQ2TTOuvwagUOUSq8/0SyoE2ZDGwrAA==",
      "license": "SEE LICENSE IN LICENSE.md",
      "dependencies": {
        "coffeescript": "^2.7.0",
        "csv-parse": "^4.4.6",
        "csv-stringify": "^1.0.4",
        "escape-html": "^1.0.3",
        "is-integer": "^1.0.6",
        "jsonfile": "^2.2.3",
        "stream": "0.0.2",
        "stream-transform": "^0.1.1",
        "string-to-stream": "^1.1.0",
        "xmldoc": "^0.4.0"
      }
    },
    "node_modules/antlr4": {
      "version": "4.9.3",
      "resolved": "https://registry.npmjs.org/antlr4/-/antlr4-4.9.3.tgz",
      "integrity": "sha512-qNy2odgsa0skmNMCuxzXhM4M8J1YDaPv3TI+vCdnOAanu0N982wBrSqziDKRDctEZLZy9VffqIZXc0UGjjSP/g==",
      "license": "BSD-3-Clause",
      "engines": {
        "node": ">=14"
      }
    },
    "node_modules/argparse": {
      "version": "1.0.10",
      "resolved": "https://registry.npmjs.org/argparse/-/argparse-1.0.10.tgz",
      "integrity": "sha512-o5Roy6tNG4SL/FOkCAN6RzjiakZS25RLYFrcMttJqbdd8BWrnA+fGz57iN5Pb06pvBGvl5gQ0B48dJlslXvoTg==",
      "license": "MIT",
      "dependencies": {
        "sprintf-js": "~1.0.2"
      }
    },
    "node_modules/coffeescript": {
      "version": "2.7.0",
      "resolved": "https://registry.npmjs.org/coffeescript/-/coffeescript-2.7.0.tgz",
      "integrity": "sha512-hzWp6TUE2d/jCcN67LrW1eh5b/rSDKQK6oD6VMLlggYVUUFexgTH9z3dNYihzX4RMhze5FTUsUmOXViJKFQR/A==",
      "license": "MIT",
      "bin": {
        "cake": "bin/cake",
        "coffee": "bin/coffee"
      },
      "engines": {
        "node": ">=6"
      }
    },
    "node_modules/commander": {
      "version": "2.20.3",
      "resolved": "https://registry.npmjs.org/commander/-/commander-2.20.3.tgz",
      "integrity": "sha512-GpVkmM8vF2vQUkj2LvZmD35JxeJOLCwJ9cUkugyk2nuhbv3+mJvpLYYt+0+USMxE+oj+ey/lJEnhZw75x/OMcQ==",
      "license": "MIT"
    },
    "node_modules/core-util-is": {
      "version": "1.0.3",
      "resolved": "https://registry.npmjs.org/core-util-is/-/core-util-is-1.0.3.tgz",
      "integrity": "sha512-ZQBvi1DcpJ4GDqanjucZ2Hj3wEO5pZDS89BWbkcrvdxksJorwUDDZamX9ldFkp9aw2lmBDLgkObEA4DWNJ9FYQ==",
      "license": "MIT"
    },
    "node_modules/csv-parse": {
      "version": "4.16.3",
      "resolved": "https://registry.npmjs.org/csv-parse/-/csv-parse-4.16.3.tgz",
      "integrity": "sha512-cO1I/zmz4w2dcKHVvpCr7JVRu8/FymG5OEpmvsZYlccYolPBLoVGKUHgNoc4ZGkFeFlWGEDmMyBM+TTqRdW/wg==",
      "license": "MIT"
    },
    "node_modules/csv-stringify": {
      "version": "1.1.2",
      "resolved": "https://registry.npmjs.org/csv-stringify/-/csv-stringify-1.1.2.tgz",
      "integrity": "sha512-3NmNhhd+AkYs5YtM1GEh01VR6PKj6qch2ayfQaltx5xpcAdThjnbbI5eT8CzRVpXfGKAxnmrSYLsNl/4f3eWiw==",
      "license": "BSD-3-Clause",
      "dependencies": {
        "lodash.get": "~4.4.2"
      }
    },
    "node_modules/date-fns": {
      "version": "1.30.1",
      "resolved": "https://registry.npmjs.org/date-fns/-/date-fns-1.30.1.tgz",
      "integrity": "sha512-hBSVCvSmWC+QypYObzwGOd9wqdDpOt+0wl0KbU+R+uuZBS1jN8VsD1ss3irQDknRj5NvxiTF6oj/nDRnN/UQNw==",
      "license": "MIT"
    },
    "node_modules/emitter-component": {
      "version": "1.1.2",
      "resolved": "https://registry.npmjs.org/emitter-component/-/emitter-component-1.1.2.tgz",
      "integrity": "sha512-QdXO3nXOzZB4pAjM0n6ZE+R9/+kPpECA/XSELIcc54NeYVnBqIk+4DFiBgK+8QbV3mdvTG6nedl7dTYgO+5wDw==",
      "funding": {
        "url": "https://github.com/sponsors/sindresorhus"
      }
    },
    "node_modules/escape-html": {
      "version": "1.0.3",
      "resolved": "https://registry.npmjs.org/escape-html/-/escape-html-1.0.3.tgz",
      "integrity": "sha512-NiSupZ4OeuGwr68lGIeym/ksIZMJodUGOSCZ/FSnTxcrekbvqrgdUxlJOMpijaKZVjAJrWrGs/6Jy8OMuyj9ow==",
      "license": "MIT"
    },
    "node_modules/esprima": {
      "version": "4.0.1",
      "resolved": "https://registry.npmjs.org/esprima/-/esprima-4.0.1.tgz",
      "integrity": "sha512-eGuFFw7Upda+g4p+QHvnW0RyTX/SVeJBDM/gCtMARO0cLuT2HcEKnTPvhjV6aGeqrCB/sbNop0Kszm0jsaWU4A==",
      "license": "BSD-2-Clause",
      "bin": {
        "esparse": "bin/esparse.js",
        "esvalidate": "bin/esvalidate.js"
      },
      "engines": {
        "node": ">=4"
      }
    },
    "node_modules/fhirpath": {
      "version": "3.15.1",
      "resolved": "https://registry.npmjs.org/fhirpath/-/fhirpath-3.15.1.tgz",
      "integrity": "sha512-8j2wPruDG0tYS61rjS/wqUrcoUruJLw4qmdXDwI/Teae1GIN3gRKGJ0m8+IUk+9YTFx7QeWSf6Wcof4oiOcGuQ==",
      "hasInstallScript": true,
      "license": "SEE LICENSE in LICENSE.md",
      "dependencies": {
        "@lhncbc/ucum-lhc": "^5.0.0",
        "antlr4": "~4.9.3",
        "commander": "^2.18.0",
        "date-fns": "^1.30.1",
        "js-yaml": "^3.13.1"
      },
      "bin": {
        "fhirpath": "bin/fhirpath"
      },
      "engines": {
        "node": ">=8.9.0"
      }
    },
    "node_modules/graceful-fs": {
      "version": "4.2.11",
      "resolved": "https://registry.npmjs.org/graceful-fs/-/graceful-fs-4.2.11.tgz",
      "integrity": "sha512-RbJ5/jmFcNNCcDV5o9eTnBLJ/HszWV0P73bc+Ff4nS/rJj+YaS6IGyiOL0VoBYX+l1Wrl3k63h/KrH+nhJ0XvQ==",
      "license": "ISC",
      "optional": true
    },
    "node_modules/inherits": {
      "version": "2.0.4",
      "resolved": "https://registry.npmjs.org/inherits/-/inherits-2.0.4.tgz",
      "integrity": "sha512-k/vGaX4/Yla3WzyMCvTQOXYeIHvqOKtnqBduzTHpzpQZzAskKMhZ2K+EnBiSM9zGSoIFeMpXKxa4dYeZIQqewQ==",
      "license": "ISC"
    },
    "node_modules/is-finite": {
      "version": "1.1.0",
      "resolved": "https://registry.npmjs.org/is-finite/-/is-finite-1.1.0.tgz",
      "integrity": "sha512-cdyMtqX/BOqqNBBiKlIVkytNHm49MtMlYyn1zxzvJKWmFMlGzm+ry5BBfYyeY9YmNKbRSo/o7OX9w9ale0wg3w==",
      "license": "MIT",
      "engines": {
        "node": ">=0.10.0"
      },
      "funding": {
        "url": "https://github.com/sponsors/sindresorhus"
      }
    },
    "node_modules/is-integer": {
      "version": "1.0.7",
      "resolved": "https://registry.npmjs.org/is-integer/-/is-integer-1.0.7.tgz",
      "integrity": "sha512-RPQc/s9yBHSvpi+hs9dYiJ2cuFeU6x3TyyIp8O2H6SKEltIvJOzRj9ToyvcStDvPR/pS4rxgr1oBFajQjZ2Szg==",
      "license": "WTFPL OR ISC",
      "dependencies": {
        "is-finite": "^1.0.0"
      }
    },
    "node_modules/isarray": {
      "version": "1.0.0",
      "resolved": "https://registry.npmjs.org/isarray/-/isarray-1.0.0.tgz",
      "integrity": "sha512-VLghIWNM6ELQzo7zwmcg0NmTVyWKYjvIeM83yjp0wRDTmUnrM678fQbcKBo6n2CJEF0szoG//ytg+TKla89ALQ==",
      "license": "MIT"
    },
    "node_modules/js-yaml": {
      "version": "3.14.1",
      "resolved": "https://registry.npmjs.org/js-yaml/-/js-yaml-3.14.1.tgz",
      "integrity": "sha512-okMH7OXXJ7YrN9Ok3/SXrnu4iX9yOk+25nqX4imS2npuvTYDmo/QEZoqwZkYaIDk3jVvBOTOIEgEhaLOynBS9g==",
      "license": "MIT",
      "dependencies": {
        "argparse": "^1.0.7",
        "esprima": "^4.0.0"
      },
      "bin": {
        "js-yaml": "bin/js-yaml.js"
      }
    },
    "node_modules/jsonfile": {
      "version": "2.4.0",
      "resolved": "https://registry.npmjs.org/jsonfile/-/jsonfile-2.4.0.tgz",
      "integrity": "sha512-PKllAqbgLgxHaj8TElYymKCAgrASebJrWpTnEkOaTowt23VKXXN0sUeriJ+eh7y6ufb/CC5ap11pz71/cM0hUw==",
      "license": "MIT",
      "optionalDependencies": {
        "graceful-fs": "^4.1.6"
      }
    },
    "node_modules/lodash.get": {
      "version": "4.4.2",
      "resolved": "https://registry.npmjs.org/lodash.get/-/lodash.get-4.4.2.tgz",
      "integrity": "sha512-z+Uw/vLuy6gQe8cfaFWD7p0wVv8fJl3mbzXh33RS+0oW2wvUqiRXiQ69gLWSLpgB5/6sU+r6BlQR0MBILadqTQ==",
      "license": "MIT"
    },
    "node_modules/process-nextick-args": {
      "version": "2.0.1",
      "resolved": "https://registry.npmjs.org/process-nextick-args/-/process-nextick-args-2.0.1.tgz",
      "integrity": "sha512-3ouUOpQhtgrbOa17J7+uxOTpITYWaGP7/AhoR3+A+/1e9skrzelGi/dXzEYyvbxubEF6Wn2ypscTKiKJFFn1ag==",
      "license": "MIT"
    },
    "node_modules/readable-stream": {
      "version": "2.3.8",
      "resolved": "https://registry.npmjs.org/readable-stream/-/readable-stream-2.3.8.tgz",
      "integrity": "sha512-8p0AUk4XODgIewSi0l8Epjs+EVnWiK7NoDIEGU0HhE7+ZyY8D1IMY7odu5lRrFXGg71L15KG8QrPmum45RTtdA==",
      "license": "MIT",
      "dependencies": {
        "core-util-is": "~1.0.0",
        "inherits": "~2.0.3",
        "isarray": "~1.0.0",
        "process-nextick-args": "~2.0.0",
        "safe-buffer": "~5.1.1",
        "string_decoder": "~1.1.1",
        "util-deprecate": "~1.0.1"
      }
    },
    "node_modules/safe-buffer": {
      "version": "5.1.2",
      "resolved": "https://registry.npmjs.org/safe-buffer/-/safe-buffer-5.1.2.tgz",
      "integrity": "sha512-Gd2UZBJDkXlY7GbJxfsE8/nvKkUEU1G38c1siN6QP6a9PT9MmHB8GnpscSmMJSoF8LOIrt8ud/wPtojys4G6+g==",
      "license": "MIT"
    },
    "node_modules/sax": {
      "version": "1.1.6",
      "resolved": "https://registry.npmjs.org/sax/-/sax-1.1.6.tgz",
      "integrity": "sha512-8zci48uUQyfqynGDSkUMD7FCJB96hwLnlZOXlgs1l3TX+LW27t3psSWKUxC0fxVgA86i8tL4NwGcY1h/6t3ESg==",
      "license": "ISC"
    },
    "node_modules/sprintf-js": {
      "version": "1.0.3",
      "resolved": "https://registry.npmjs.org/sprintf-js/-/sprintf-js-1.0.3.tgz",
      "integrity": "sha512-D9cPgkvLlV3t3IzL0D0YLvGA9Ahk4PcvVwUbN0dSGr1aP0Nrt4AEnTUbuGvquEC0mA64Gqt1fzirlRs5ibXx8g==",
      "license": "BSD-3-Clause"
    },
    "node_modules/stream": {
      "version": "0.0.2",
      "resolved": "https://registry.npmjs.org/stream/-/stream-0.0.2.tgz",
      "integrity": "sha512-gCq3NDI2P35B2n6t76YJuOp7d6cN/C7Rt0577l91wllh0sY9ZBuw9KaSGqH/b0hzn3CWWJbpbW0W0WvQ1H/Q7g==",
      "license": "MIT",
      "dependencies": {
        "emitter-component": "^1.1.1"
      }
    },
    "node_modules/stream-transform": {
      "version": "0.1.2",
      "resolved": "https://registry.npmjs.org/stream-transform/-/stream-transform-0.1.2.tgz",
      "integrity": "sha512-3HXId/0W8sktQnQM6rOZf2LuDDMbakMgAjpViLk758/h0br+iGqZFFfUxxJSqEvGvT742PyFr4v/TBXUtowdCg==",
      "license": "BSD-3-Clause"
    },
    "node_modules/string_decoder": {
      "version": "1.1.1",
      "resolved": "https://registry.npmjs.org/string_decoder/-/string_decoder-1.1.1.tgz",
      "integrity": "sha512-n/ShnvDi6FHbbVfviro+WojiFzv+s8MPMHBczVePfUpDJLwoLT0ht1l4YwBCbi8pJAveEEdnkHyPyTP/mzRfwg==",
      "license": "MIT",
      "dependencies": {
        "safe-buffer": "~5.1.0"
      }
    },
    "node_modules/string-to-stream": {
      "version": "1.1.1",
      "resolved": "https://registry.npmjs.org/string-to-stream/-/string-to-stream-1.1.1.tgz",
      "integrity": "sha512-QySF2+3Rwq0SdO3s7BAp4x+c3qsClpPQ6abAmb0DGViiSBAkT5kL6JT2iyzEVP+T1SmzHrQD1TwlP9QAHCc+Sw==",
      "license": "MIT",
      "dependencies": {
        "inherits": "^2.0.1",
        "readable-stream": "^2.1.0"
      }
    },
    "node_modules/util-deprecate": {
      "version": "1.0.2",
      "resolved": "https://registry.npmjs.org/util-deprecate/-/util-deprecate-1.0.2.tgz",
      "integrity": "sha512-EPD5q1uXyFxJpCrLnCc1nHnq3gOa6DZBocAIiI2TaSCA7VCJ1UJDMagCzIkXNsUYfD1daK//LTEQ8xiIbrHtcw==",
      "license": "MIT"
    },
    "node_modules/xmldoc": {
      "version": "0.4.0",
      "resolved": "https://registry.npmjs.org/xmldoc/-/xmldoc-0.4.0.tgz",
      "integrity": "sha512-rJ/+/UzYCSlFNuAzGuRyYgkH2G5agdX1UQn4+5siYw9pkNC3Hu/grYNDx/dqYLreeSjnY5oKg74CMBKxJHSg6Q==",
      "license": "MIT",
      "dependencies": {
        "sax": "~1.1.1"
      }
    }
  }
}
